
Microsoft Visual Studio Solution File, Format Version 12.00
# Visual Studio Version 16
VisualStudioVersion = 16.0.31729.503
MinimumVisualStudioVersion = 10.0.40219.1
Project("{FAE04EC0-301F-11D3-BF4B-00C04F79EFBC}") = "MCD_SanalMetodKullanimi", "MCD_SanalMetodKullanimi\MCD_SanalMetodKullanimi.csproj", "{0301B911-13CC-445A-96C9-CD48A4996446}"
EndProject
Global
	GlobalSection(SolutionConfigurationPlatforms) = preSolution
		Debug|Any CPU = Debug|Any CPU
		Release|Any CPU = Release|Any CPU
	EndGlobalSection
	GlobalSection(ProjectConfigurationPlatforms) = postSolution
		{0301B911-13CC-445A-96C9-CD48A4996446}.Debug|Any CPU.ActiveCfg = Debug|Any CPU
		{0301B911-13CC-445A-96C9-CD48A4996446}.Debug|Any CPU.Build.0 = Debug|Any CPU
		{0301B911-13CC-445A-96C9-CD48A4996446}.Release|Any CPU.ActiveCfg = Release|Any CPU
		{0301B911-13CC-445A-96C9-CD48A4996446}.Release|Any CPU.Build.0 = Release|Any CPU
	EndGlobalSection
	GlobalSection(SolutionProperties) = preSolution
		HideSolutionNode = FALSE
	EndGlobalSection
	GlobalSection(ExtensibilityGlobals) = postSolution
		SolutionGuid = {07E7640D-B786-4FA2-A3C9-07E539909E3A}
	EndGlobalSection
EndGlobal
